
Microsoft Visual Studio Solution File, Format Version 12.00
# Visual Studio Version 16
VisualStudioVersion = 16.0.28917.181
MinimumVisualStudioVersion = 10.0.40219.1
Project("{9A19103F-16F7-4668-BE54-9A1E7A4F7556}") = "Wiz.Template.API", "src\Wiz.Template.API\Wiz.Template.API.csproj", "{DC7FDE71-E38E-4DBD-8A85-EFFA3BF95118}"
EndProject
Project("{9A19103F-16F7-4668-BE54-9A1E7A4F7556}") = "Wiz.Template.Domain", "src\Wiz.Template.Domain\Wiz.Template.Domain.csproj", "{8A368471-B92B-4BE3-808D-04ED5EA09C5E}"
EndProject
Project("{9A19103F-16F7-4668-BE54-9A1E7A4F7556}") = "Wiz.Template.Infra", "src\Wiz.Template.Infra\Wiz.Template.Infra.csproj", "{8EC2F830-9398-42D7-A6D7-9D79E2A9DF5E}"
EndProject
Project("{2150E333-8FDC-42A3-9474-1A3956D46DE8}") = "src", "src", "{662F7144-A851-40F7-A6EE-DE6325BC07BC}"
EndProject
Project("{2150E333-8FDC-42A3-9474-1A3956D46DE8}") = "test", "test", "{79E05ACF-1AD9-4B93-AF9F-D04C097545E0}"
EndProject
Project("{9A19103F-16F7-4668-BE54-9A1E7A4F7556}") = "Wiz.Template.Integration.Tests", "test\Wiz.Template.Integration.Tests\Wiz.Template.Integration.Tests.csproj", "{57F893D6-179D-46EB-9784-73EC42B5EAD4}"
EndProject
Project("{9A19103F-16F7-4668-BE54-9A1E7A4F7556}") = "Wiz.Template.Unit.Tests", "test\Wiz.Template.Unit.Tests\Wiz.Template.Unit.Tests.csproj", "{44075A6A-DF5D-4A2E-AAAB-71628FEB9770}"
EndProject
Project("{2150E333-8FDC-42A3-9474-1A3956D46DE8}") = "Module", "Module", "{31E22080-B372-4749-8ABB-117692F32423}"
EndProject
Project("{9A19103F-16F7-4668-BE54-9A1E7A4F7556}") = "Wiz.Template.Module.Base", "src\Module\Wiz.Template.Module.Base\Wiz.Template.Module.Base.csproj", "{5551680A-3300-47B0-AFF1-91F3685E1E0E}"
EndProject
Project("{9A19103F-16F7-4668-BE54-9A1E7A4F7556}") = "Wiz.Template.Module.CorpX", "src\Module\Wiz.Template.Module.CorpX\Wiz.Template.Module.CorpX.csproj", "{BDA484F0-1E69-49BA-BB54-C2DD5D566C01}"
EndProject
Global
	GlobalSection(SolutionConfigurationPlatforms) = preSolution
		Debug|Any CPU = Debug|Any CPU
		Release|Any CPU = Release|Any CPU
	EndGlobalSection
	GlobalSection(ProjectConfigurationPlatforms) = postSolution
		{DC7FDE71-E38E-4DBD-8A85-EFFA3BF95118}.Debug|Any CPU.ActiveCfg = Debug|Any CPU
		{DC7FDE71-E38E-4DBD-8A85-EFFA3BF95118}.Debug|Any CPU.Build.0 = Debug|Any CPU
		{DC7FDE71-E38E-4DBD-8A85-EFFA3BF95118}.Release|Any CPU.ActiveCfg = Release|Any CPU
		{DC7FDE71-E38E-4DBD-8A85-EFFA3BF95118}.Release|Any CPU.Build.0 = Release|Any CPU
		{8A368471-B92B-4BE3-808D-04ED5EA09C5E}.Debug|Any CPU.ActiveCfg = Debug|Any CPU
		{8A368471-B92B-4BE3-808D-04ED5EA09C5E}.Debug|Any CPU.Build.0 = Debug|Any CPU
		{8A368471-B92B-4BE3-808D-04ED5EA09C5E}.Release|Any CPU.ActiveCfg = Release|Any CPU
		{8A368471-B92B-4BE3-808D-04ED5EA09C5E}.Release|Any CPU.Build.0 = Release|Any CPU
		{8EC2F830-9398-42D7-A6D7-9D79E2A9DF5E}.Debug|Any CPU.ActiveCfg = Debug|Any CPU
		{8EC2F830-9398-42D7-A6D7-9D79E2A9DF5E}.Debug|Any CPU.Build.0 = Debug|Any CPU
		{8EC2F830-9398-42D7-A6D7-9D79E2A9DF5E}.Release|Any CPU.ActiveCfg = Release|Any CPU
		{8EC2F830-9398-42D7-A6D7-9D79E2A9DF5E}.Release|Any CPU.Build.0 = Release|Any CPU
		{57F893D6-179D-46EB-9784-73EC42B5EAD4}.Debug|Any CPU.ActiveCfg = Debug|Any CPU
		{57F893D6-179D-46EB-9784-73EC42B5EAD4}.Debug|Any CPU.Build.0 = Debug|Any CPU
		{57F893D6-179D-46EB-9784-73EC42B5EAD4}.Release|Any CPU.ActiveCfg = Release|Any CPU
		{57F893D6-179D-46EB-9784-73EC42B5EAD4}.Release|Any CPU.Build.0 = Release|Any CPU
		{44075A6A-DF5D-4A2E-AAAB-71628FEB9770}.Debug|Any CPU.ActiveCfg = Debug|Any CPU
		{44075A6A-DF5D-4A2E-AAAB-71628FEB9770}.Debug|Any CPU.Build.0 = Debug|Any CPU
		{44075A6A-DF5D-4A2E-AAAB-71628FEB9770}.Release|Any CPU.ActiveCfg = Release|Any CPU
		{44075A6A-DF5D-4A2E-AAAB-71628FEB9770}.Release|Any CPU.Build.0 = Release|Any CPU
		{5551680A-3300-47B0-AFF1-91F3685E1E0E}.Debug|Any CPU.ActiveCfg = Debug|Any CPU
		{5551680A-3300-47B0-AFF1-91F3685E1E0E}.Debug|Any CPU.Build.0 = Debug|Any CPU
		{5551680A-3300-47B0-AFF1-91F3685E1E0E}.Release|Any CPU.ActiveCfg = Release|Any CPU
		{5551680A-3300-47B0-AFF1-91F3685E1E0E}.Release|Any CPU.Build.0 = Release|Any CPU
		{BDA484F0-1E69-49BA-BB54-C2DD5D566C01}.Debug|Any CPU.ActiveCfg = Debug|Any CPU
		{BDA484F0-1E69-49BA-BB54-C2DD5D566C01}.Debug|Any CPU.Build.0 = Debug|Any CPU
		{BDA484F0-1E69-49BA-BB54-C2DD5D566C01}.Release|Any CPU.ActiveCfg = Release|Any CPU
		{BDA484F0-1E69-49BA-BB54-C2DD5D566C01}.Release|Any CPU.Build.0 = Release|Any CPU
	EndGlobalSection
	GlobalSection(SolutionProperties) = preSolution
		HideSolutionNode = FALSE
	EndGlobalSection
	GlobalSection(NestedProjects) = preSolution
		{DC7FDE71-E38E-4DBD-8A85-EFFA3BF95118} = {662F7144-A851-40F7-A6EE-DE6325BC07BC}
		{8A368471-B92B-4BE3-808D-04ED5EA09C5E} = {662F7144-A851-40F7-A6EE-DE6325BC07BC}
		{8EC2F830-9398-42D7-A6D7-9D79E2A9DF5E} = {662F7144-A851-40F7-A6EE-DE6325BC07BC}
		{57F893D6-179D-46EB-9784-73EC42B5EAD4} = {79E05ACF-1AD9-4B93-AF9F-D04C097545E0}
		{44075A6A-DF5D-4A2E-AAAB-71628FEB9770} = {79E05ACF-1AD9-4B93-AF9F-D04C097545E0}
		{31E22080-B372-4749-8ABB-117692F32423} = {662F7144-A851-40F7-A6EE-DE6325BC07BC}
		{5551680A-3300-47B0-AFF1-91F3685E1E0E} = {31E22080-B372-4749-8ABB-117692F32423}
		{BDA484F0-1E69-49BA-BB54-C2DD5D566C01} = {31E22080-B372-4749-8ABB-117692F32423}
	EndGlobalSection
	GlobalSection(ExtensibilityGlobals) = postSolution
		SolutionGuid = {78CEC30D-00D7-4551-9AAC-C35F54E824BF}
	EndGlobalSection
EndGlobal
